
Microsoft Visual Studio Solution File, Format Version 12.00
Project("{FAE04EC0-301F-11D3-BF4B-00C04F79EFBC}") = "TruekAppBackend", "TruekAppBackend\TruekAppBackend.csproj", "{11E827E1-FD4C-4121-8B57-DFFDF48694DD}"
EndProject
Global
	GlobalSection(SolutionConfigurationPlatforms) = preSolution
		Debug|Any CPU = Debug|Any CPU
		Release|Any CPU = Release|Any CPU
	EndGlobalSection
	GlobalSection(ProjectConfigurationPlatforms) = postSolution
		{11E827E1-FD4C-4121-8B57-DFFDF48694DD}.Debug|Any CPU.ActiveCfg = Debug|Any CPU
		{11E827E1-FD4C-4121-8B57-DFFDF48694DD}.Debug|Any CPU.Build.0 = Debug|Any CPU
		{11E827E1-FD4C-4121-8B57-DFFDF48694DD}.Release|Any CPU.ActiveCfg = Release|Any CPU
		{11E827E1-FD4C-4121-8B57-DFFDF48694DD}.Release|Any CPU.Build.0 = Release|Any CPU
	EndGlobalSection
EndGlobal
